[clocks]
url = "https://github.com/sunfishcode/wasi-clocks/archive/resources.tar.gz"
sha256 = "ea955af7a152f85941b651c5b07345c4f077ae7f9e996c909ab8cc0a68c0120e"
sha512 = "114bc4f583a487cf1ccfdd6efa25c4c60cf637d4501a189eebd4b1d52aec2c8eb63ae14ce494db53dfd25bc20f6c4b533dc6f2143537e5cd14ca80d5d4b6a49d"

[io]
url = "https://github.com/sunfishcode/wasi-io/archive/resources.tar.gz"
sha256 = "c01495e96837dbd33b8d8dd70b75a0bf2ee5795b6c85ab50701e870bbcf2ceb3"
sha512 = "fd8f60fad6560396d07d530efb76a4c54ce823d523528ba5ba61ccdc521e361c1e9660d0a77c02a5e6b80ea981cddedbaa703322f1ba502333784ea974edb835"
